PODS:
  - FunkyFMBase/Tool (0.1.3)
  - FunkyFMDownLoad (0.1.0):
    - FunkyFMBase/Tool

DEPENDENCIES:
  - FunkyFMDownLoad (from `../`)

EXTERNAL SOURCES:
  FunkyFMDownLoad:
    :path: ../

SPEC CHECKSUMS:
  FunkyFMBase: 4ea457f04ae8e45544577284971f5e61ce8f5973
  FunkyFMDownLoad: 487c81f995fe407ae062b7d0f747486f969444e6

PODFILE CHECKSUM: adc3201c33affc6cd3095f79ef0cf0ac12b35918

COCOAPODS: 1.2.1
